
Microsoft Visual Studio Solution File, Format Version 12.00
# Visual Studio Version 16
VisualStudioVersion = 16.0.29519.181
MinimumVisualStudioVersion = 10.0.40219.1
Project("{FAE04EC0-301F-11D3-BF4B-00C04F79EFBC}") = "ConsoleApp4", "ConsoleApp4\ConsoleApp4.csproj", "{D3B0A5ED-7B10-4287-9BDA-18720C092643}"
EndProject
Global
	GlobalSection(SolutionConfigurationPlatforms) = preSolution
		Debug|Any CPU = Debug|Any CPU
		Release|Any CPU = Release|Any CPU
	EndGlobalSection
	GlobalSection(ProjectConfigurationPlatforms) = postSolution
		{D3B0A5ED-7B10-4287-9BDA-18720C092643}.Debug|Any CPU.ActiveCfg = Debug|Any CPU
		{D3B0A5ED-7B10-4287-9BDA-18720C092643}.Debug|Any CPU.Build.0 = Debug|Any CPU
		{D3B0A5ED-7B10-4287-9BDA-18720C092643}.Release|Any CPU.ActiveCfg = Release|Any CPU
		{D3B0A5ED-7B10-4287-9BDA-18720C092643}.Release|Any CPU.Build.0 = Release|Any CPU
	EndGlobalSection
	GlobalSection(SolutionProperties) = preSolution
		HideSolutionNode = FALSE
	EndGlobalSection
	GlobalSection(ExtensibilityGlobals) = postSolution
		SolutionGuid = {B41F4B9A-3D87-4FE7-9442-4843F0DF84E2}
	EndGlobalSection
EndGlobal
